
Microsoft Visual Studio Solution File, Format Version 12.00
# Visual Studio Version 16
VisualStudioVersion = 16.0.31729.503
MinimumVisualStudioVersion = 10.0.40219.1
Project("{FAE04EC0-301F-11D3-BF4B-00C04F79EFBC}") = "Wetter API (Für Rum und Ehre)", "Wetter API (Für Rum und Ehre)\Wetter API (Für Rum und Ehre).csproj", "{889D8D9E-E190-4E92-8AC7-3CF93E2E6637}"
EndProject
Global
	GlobalSection(SolutionConfigurationPlatforms) = preSolution
		Debug|Any CPU = Debug|Any CPU
		Release|Any CPU = Release|Any CPU
	EndGlobalSection
	GlobalSection(ProjectConfigurationPlatforms) = postSolution
		{889D8D9E-E190-4E92-8AC7-3CF93E2E6637}.Debug|Any CPU.ActiveCfg = Debug|Any CPU
		{889D8D9E-E190-4E92-8AC7-3CF93E2E6637}.Debug|Any CPU.Build.0 = Debug|Any CPU
		{889D8D9E-E190-4E92-8AC7-3CF93E2E6637}.Release|Any CPU.ActiveCfg = Release|Any CPU
		{889D8D9E-E190-4E92-8AC7-3CF93E2E6637}.Release|Any CPU.Build.0 = Release|Any CPU
	EndGlobalSection
	GlobalSection(SolutionProperties) = preSolution
		HideSolutionNode = FALSE
	EndGlobalSection
	GlobalSection(ExtensibilityGlobals) = postSolution
		SolutionGuid = {60F129A8-7D3B-485E-A2BC-EA868248F8A3}
	EndGlobalSection
EndGlobal
